// !$*UTF8*$!
{
	archiveVersion = 1;
	classes = {
	};
	objectVersion = 56;
	objects = {

/* Begin PBXBuildFile section */
		19EAA8F52BF8C38200BBB609 /* SwiftUIMovieApp.swift in Sources */ = {isa = PBXBuildFile; fileRef = 19EAA8F42BF8C38200BBB609 /* SwiftUIMovieApp.swift */; };
		19EAA8F92BF8C38200BBB609 /* Assets.xcassets in Resources */ = {isa = PBXBuildFile; fileRef = 19EAA8F82BF8C38200BBB609 /* Assets.xcassets */; };
		19EAA8FC2BF8C38200BBB609 /* Preview Assets.xcassets in Resources */ = {isa = PBXBuildFile; fileRef = 19EAA8FB2BF8C38200BBB609 /* Preview Assets.xcassets */; };
		19EAA9052BF8C3F700BBB609 /* MovieView.swift in Sources */ = {isa = PBXBuildFile; fileRef = 19EAA9042BF8C3F700BBB609 /* MovieView.swift */; };
		19EAA9092BF8CE8D00BBB609 /* MovieCell.swift in Sources */ = {isa = PBXBuildFile; fileRef = 19EAA9082BF8CE8D00BBB609 /* MovieCell.swift */; };
		19EAA90B2BF8F8D500BBB609 /* Constant.swift in Sources */ = {isa = PBXBuildFile; fileRef = 19EAA90A2BF8F8D500BBB609 /* Constant.swift */; };
		19EAA90E2BF8FF0100BBB609 /* MovieModel.swift in Sources */ = {isa = PBXBuildFile; fileRef = 19EAA90D2BF8FF0100BBB609 /* MovieModel.swift */; };
		19EAA9112BF901E700BBB609 /* MovieViewModel.swift in Sources */ = {isa = PBXBuildFile; fileRef = 19EAA9102BF901E700BBB609 /* MovieViewModel.swift */; };
		19EAA9132BF903BD00BBB609 /* Logger.swift in Sources */ = {isa = PBXBuildFile; fileRef = 19EAA9122BF903BD00BBB609 /* Logger.swift */; };
/* End PBXBuildFile section */

/* Begin PBXFileReference section */
		19EAA8F12BF8C38200BBB609 /* SwiftUIMovie.app */ = {isa = PBXFileReference; explicitFileType = wrapper.application; includeInIndex = 0; path = SwiftUIMovie.app; sourceTree = BUILT_PRODUCTS_DIR; };
		19EAA8F42BF8C38200BBB609 /* SwiftUIMovieApp.swift */ = {isa = PBXFileReference; lastKnownFileType = sourcecode.swift; path = SwiftUIMovieApp.swift; sourceTree = "<group>"; };
		19EAA8F82BF8C38200BBB609 /* Assets.xcassets */ = {isa = PBXFileReference; lastKnownFileType = folder.assetcatalog; path = Assets.xcassets; sourceTree = "<group>"; };
		19EAA8FB2BF8C38200BBB609 /* Preview Assets.xcassets */ = {isa = PBXFileReference; lastKnownFileType = folder.assetcatalog; path = "Preview Assets.xcassets"; sourceTree = "<group>"; };
		19EAA9042BF8C3F700BBB609 /* MovieView.swift */ = {isa = PBXFileReference; lastKnownFileType = sourcecode.swift; path = MovieView.swift; sourceTree = "<group>"; };
		19EAA9072BF8CBD200BBB609 /* MovieList.json */ = {isa = PBXFileReference; lastKnownFileType = text.json; path = MovieList.json; sourceTree = "<group>"; };
		19EAA9082BF8CE8D00BBB609 /* MovieCell.swift */ = {isa = PBXFileReference; lastKnownFileType = sourcecode.swift; path = MovieCell.swift; sourceTree = "<group>"; };
		19EAA90A2BF8F8D500BBB609 /* Constant.swift */ = {isa = PBXFileReference; lastKnownFileType = sourcecode.swift; path = Constant.swift; sourceTree = "<group>"; };
		19EAA90D2BF8FF0100BBB609 /* MovieModel.swift */ = {isa = PBXFileReference; lastKnownFileType = sourcecode.swift; path = MovieModel.swift; sourceTree = "<group>"; };
		19EAA9102BF901E700BBB609 /* MovieViewModel.swift */ = {isa = PBXFileReference; lastKnownFileType = sourcecode.swift; path = MovieViewModel.swift; sourceTree = "<group>"; };
		19EAA9122BF903BD00BBB609 /* Logger.swift */ = {isa = PBXFileReference; lastKnownFileType = sourcecode.swift; path = Logger.swift; sourceTree = "<group>"; };
/* End PBXFileReference section */

/* Begin PBXFrameworksBuildPhase section */
		19EAA8EE2BF8C38200BBB609 /* Frameworks */ = {
			isa = PBXFrameworksBuildPhase;
			buildActionMask = 2147483647;
			files = (
			);
			runOnlyForDeploymentPostprocessing = 0;
		};
/* End PBXFrameworksBuildPhase section */

/* Begin PBXGroup section */
		19EAA8E82BF8C38100BBB609 = {
			isa = PBXGroup;
			children = (
				19EAA8F32BF8C38200BBB609 /* SwiftUIMovie */,
				19EAA8F22BF8C38200BBB609 /* Products */,
			);
			sourceTree = "<group>";
		};
		19EAA8F22BF8C38200BBB609 /* Products */ = {
			isa = PBXGroup;
			children = (
				19EAA8F12BF8C38200BBB609 /* SwiftUIMovie.app */,
			);
			name = Products;
			sourceTree = "<group>";
		};
		19EAA8F32BF8C38200BBB609 /* SwiftUIMovie */ = {
			isa = PBXGroup;
			children = (
				19EAA9022BF8C3D200BBB609 /* App */,
				19EAA90C2BF8FEF500BBB609 /* Model */,
				19EAA90F2BF9017600BBB609 /* ViewModel */,
				19EAA9032BF8C3DE00BBB609 /* View */,
				19EAA9062BF8C40400BBB609 /* Resources */,
				19EAA8FA2BF8C38200BBB609 /* Preview Content */,
			);
			path = SwiftUIMovie;
			sourceTree = "<group>";
		};
		19EAA8FA2BF8C38200BBB609 /* Preview Content */ = {
			isa = PBXGroup;
			children = (
				19EAA8FB2BF8C38200BBB609 /* Preview Assets.xcassets */,
			);
			path = "Preview Content";
			sourceTree = "<group>";
		};
		19EAA9022BF8C3D200BBB609 /* App */ = {
			isa = PBXGroup;
			children = (
				19EAA8F42BF8C38200BBB609 /* SwiftUIMovieApp.swift */,
				19EAA90A2BF8F8D500BBB609 /* Constant.swift */,
				19EAA9122BF903BD00BBB609 /* Logger.swift */,
			);
			path = App;
			sourceTree = "<group>";
		};
		19EAA9032BF8C3DE00BBB609 /* View */ = {
			isa = PBXGroup;
			children = (
				19EAA9042BF8C3F700BBB609 /* MovieView.swift */,
				19EAA9082BF8CE8D00BBB609 /* MovieCell.swift */,
			);
			path = View;
			sourceTree = "<group>";
		};
		19EAA9062BF8C40400BBB609 /* Resources */ = {
			isa = PBXGroup;
			children = (
				19EAA8F82BF8C38200BBB609 /* Assets.xcassets */,
				19EAA9072BF8CBD200BBB609 /* MovieList.json */,
			);
			path = Resources;
			sourceTree = "<group>";
		};
		19EAA90C2BF8FEF500BBB609 /* Model */ = {
			isa = PBXGroup;
			children = (
				19EAA90D2BF8FF0100BBB609 /* MovieModel.swift */,
			);
			path = Model;
			sourceTree = "<group>";
		};
		19EAA90F2BF9017600BBB609 /* ViewModel */ = {
			isa = PBXGroup;
			children = (
				19EAA9102BF901E700BBB609 /* MovieViewModel.swift */,
			);
			path = ViewModel;
			sourceTree = "<group>";
		};
/* End PBXGroup section */

/* Begin PBXNativeTarget section */
		19EAA8F02BF8C38200BBB609 /* SwiftUIMovie */ = {
			isa = PBXNativeTarget;
			buildConfigurationList = 19EAA8FF2BF8C38200BBB609 /* Build configuration list for PBXNativeTarget "SwiftUIMovie" */;
			buildPhases = (
				19EAA8ED2BF8C38200BBB609 /* Sources */,
				19EAA8EE2BF8C38200BBB609 /* Frameworks */,
				19EAA8EF2BF8C38200BBB609 /* Resources */,
			);
			buildRules = (
			);
			dependencies = (
			);
			name = SwiftUIMovie;
			productName = SwiftUIMovie;
			productReference = 19EAA8F12BF8C38200BBB609 /* SwiftUIMovie.app */;
			productType = "com.apple.product-type.application";
		};
/* End PBXNativeTarget section */

/* Begin PBXProject section */
		19EAA8E92BF8C38100BBB609 /* Project object */ = {
			isa = PBXProject;
			attributes = {
				BuildIndependentTargetsInParallel = 1;
				LastSwiftUpdateCheck = 1540;
				LastUpgradeCheck = 1540;
				TargetAttributes = {
					19EAA8F02BF8C38200BBB609 = {
						CreatedOnToolsVersion = 15.4;
					};
				};
			};
			buildConfigurationList = 19EAA8EC2BF8C38100BBB609 /* Build configuration list for PBXProject "SwiftUIMovie" */;
			compatibilityVersion = "Xcode 14.0";
			developmentRegion = en;
			hasScannedForEncodings = 0;
			knownRegions = (
				en,
				Base,
			);
			mainGroup = 19EAA8E82BF8C38100BBB609;
			productRefGroup = 19EAA8F22BF8C38200BBB609 /* Products */;
			projectDirPath = "";
			projectRoot = "";
			targets = (
				19EAA8F02BF8C38200BBB609 /* SwiftUIMovie */,
			);
		};
/* End PBXProject section */

/* Begin PBXResourcesBuildPhase section */
		19EAA8EF2BF8C38200BBB609 /* Resources */ = {
			isa = PBXResourcesBuildPhase;
			buildActionMask = 2147483647;
			files = (
				19EAA8FC2BF8C38200BBB609 /* Preview Assets.xcassets in Resources */,
				19EAA8F92BF8C38200BBB609 /* Assets.xcassets in Resources */,
			);
			runOnlyForDeploymentPostprocessing = 0;
		};
/* End PBXResourcesBuildPhase section */

/* Begin PBXSourcesBuildPhase section */
		19EAA8ED2BF8C38200BBB609 /* Sources */ = {
			isa = PBXSourcesBuildPhase;
			buildActionMask = 2147483647;
			files = (
				19EAA9052BF8C3F700BBB609 /* MovieView.swift in Sources */,
				19EAA8F52BF8C38200BBB609 /* SwiftUIMovieApp.swift in Sources */,
				19EAA90E2BF8FF0100BBB609 /* MovieModel.swift in Sources */,
				19EAA9092BF8CE8D00BBB609 /* MovieCell.swift in Sources */,
				19EAA9132BF903BD00BBB609 /* Logger.swift in Sources */,
				19EAA90B2BF8F8D500BBB609 /* Constant.swift in Sources */,
				19EAA9112BF901E700BBB609 /* MovieViewModel.swift in Sources */,
			);
			runOnlyForDeploymentPostprocessing = 0;
		};
/* End PBXSourcesBuildPhase section */

/* Begin XCBuildConfiguration section */
		19EAA8FD2BF8C38200BBB609 /* Debug */ = {
			isa = XCBuildConfiguration;
			buildSettings = {
				ALWAYS_SEARCH_USER_PATHS = NO;
				ASSETCATALOG_COMPILER_GENERATE_SWIFT_ASSET_SYMBOL_EXTENSIONS = YES;
				CLANG_ANALYZER_NONNULL = YES;
				CLANG_ANALYZER_NUMBER_OBJECT_CONVERSION = YES_AGGRESSIVE;
				CLANG_CXX_LANGUAGE_STANDARD = "gnu++20";
				CLANG_ENABLE_MODULES = YES;
				CLANG_ENABLE_OBJC_ARC = YES;
				CLANG_ENABLE_OBJC_WEAK = YES;
				CLANG_WARN_BLOCK_CAPTURE_AUTORELEASING = YES;
				CLANG_WARN_BOOL_CONVERSION = YES;
				CLANG_WARN_COMMA = YES;
				CLANG_WARN_CONSTANT_CONVERSION = YES;
				CLANG_WARN_DEPRECATED_OBJC_IMPLEMENTATIONS = YES;
				CLANG_WARN_DIRECT_OBJC_ISA_USAGE = YES_ERROR;
				CLANG_WARN_DOCUMENTATION_COMMENTS = YES;
				CLANG_WARN_EMPTY_BODY = YES;
				CLANG_WARN_ENUM_CONVERSION = YES;
				CLANG_WARN_INFINITE_RECURSION = YES;
				CLANG_WARN_INT_CONVERSION = YES;
				CLANG_WARN_NON_LITERAL_NULL_CONVERSION = YES;
				CLANG_WARN_OBJC_IMPLICIT_RETAIN_SELF = YES;
				CLANG_WARN_OBJC_LITERAL_CONVERSION = YES;
				CLANG_WARN_OBJC_ROOT_CLASS = YES_ERROR;
				CLANG_WARN_QUOTED_INCLUDE_IN_FRAMEWORK_HEADER = YES;
				CLANG_WARN_RANGE_LOOP_ANALYSIS = YES;
				CLANG_WARN_STRICT_PROTOTYPES = YES;
				CLANG_WARN_SUSPICIOUS_MOVE = YES;
				CLANG_WARN_UNGUARDED_AVAILABILITY = YES_AGGRESSIVE;
				CLANG_WARN_UNREACHABLE_CODE = YES;
				CLANG_WARN__DUPLICATE_METHOD_MATCH = YES;
				COPY_PHASE_STRIP = NO;
				DEBUG_INFORMATION_FORMAT = dwarf;
				ENABLE_STRICT_OBJC_MSGSEND = YES;
				ENABLE_TESTABILITY = YES;
				ENABLE_USER_SCRIPT_SANDBOXING = YES;
				GCC_C_LANGUAGE_STANDARD = gnu17;
				GCC_DYNAMIC_NO_PIC = NO;
				GCC_NO_COMMON_BLOCKS = YES;
				GCC_OPTIMIZATION_LEVEL = 0;
				GCC_PREPROCESSOR_DEFINITIONS = (
					"DEBUG=1",
					"$(inherited)",
				);
				GCC_WARN_64_TO_32_BIT_CONVERSION = YES;
				GCC_WARN_ABOUT_RETURN_TYPE = YES_ERROR;
				GCC_WARN_UNDECLARED_SELECTOR = YES;
				GCC_WARN_UNINITIALIZED_AUTOS = YES_AGGRESSIVE;
				GCC_WARN_UNUSED_FUNCTION = YES;
				GCC_WARN_UNUSED_VARIABLE = YES;
				IPHONEOS_DEPLOYMENT_TARGET = 17.5;
				LOCALIZATION_PREFERS_STRING_CATALOGS = YES;
				MTL_ENABLE_DEBUG_INFO = INCLUDE_SOURCE;
				MTL_FAST_MATH = YES;
				ONLY_ACTIVE_ARCH = YES;
				SDKROOT = iphoneos;
				SWIFT_ACTIVE_COMPILATION_CONDITIONS = "DEBUG $(inherited)";
				SWIFT_OPTIMIZATION_LEVEL = "-Onone";
			};
			name = Debug;
		};
		19EAA8FE2BF8C38200BBB609 /* Release */ = {
			isa = XCBuildConfiguration;
			buildSettings = {
				ALWAYS_SEARCH_USER_PATHS = NO;
				ASSETCATALOG_COMPILER_GENERATE_SWIFT_ASSET_SYMBOL_EXTENSIONS = YES;
				CLANG_ANALYZER_NONNULL = YES;
				CLANG_ANALYZER_NUMBER_OBJECT_CONVERSION = YES_AGGRESSIVE;
				CLANG_CXX_LANGUAGE_STANDARD = "gnu++20";
				CLANG_ENABLE_MODULES = YES;
				CLANG_ENABLE_OBJC_ARC = YES;
				CLANG_ENABLE_OBJC_WEAK = YES;
				CLANG_WARN_BLOCK_CAPTURE_AUTORELEASING = YES;
				CLANG_WARN_BOOL_CONVERSION = YES;
				CLANG_WARN_COMMA = YES;
				CLANG_WARN_CONSTANT_CONVERSION = YES;
				CLANG_WARN_DEPRECATED_OBJC_IMPLEMENTATIONS = YES;
				CLANG_WARN_DIRECT_OBJC_ISA_USAGE = YES_ERROR;
				CLANG_WARN_DOCUMENTATION_COMMENTS = YES;
				CLANG_WARN_EMPTY_BODY = YES;
				CLANG_WARN_ENUM_CONVERSION = YES;
				CLANG_WARN_INFINITE_RECURSION = YES;
				CLANG_WARN_INT_CONVERSION = YES;
				CLANG_WARN_NON_LITERAL_NULL_CONVERSION = YES;
				CLANG_WARN_OBJC_IMPLICIT_RETAIN_SELF = YES;
				CLANG_WARN_OBJC_LITERAL_CONVERSION = YES;
				CLANG_WARN_OBJC_ROOT_CLASS = YES_ERROR;
				CLANG_WARN_QUOTED_INCLUDE_IN_FRAMEWORK_HEADER = YES;
				CLANG_WARN_RANGE_LOOP_ANALYSIS = YES;
				CLANG_WARN_STRICT_PROTOTYPES = YES;
				CLANG_WARN_SUSPICIOUS_MOVE = YES;
				CLANG_WARN_UNGUARDED_AVAILABILITY = YES_AGGRESSIVE;
				CLANG_WARN_UNREACHABLE_CODE = YES;
				CLANG_WARN__DUPLICATE_METHOD_MATCH = YES;
				COPY_PHASE_STRIP = NO;
				DEBUG_INFORMATION_FORMAT = "dwarf-with-dsym";
				ENABLE_NS_ASSERTIONS = NO;
				ENABLE_STRICT_OBJC_MSGSEND = YES;
				ENABLE_USER_SCRIPT_SANDBOXING = YES;
				GCC_C_LANGUAGE_STANDARD = gnu17;
				GCC_NO_COMMON_BLOCKS = YES;
				GCC_WARN_64_TO_32_BIT_CONVERSION = YES;
				GCC_WARN_ABOUT_RETURN_TYPE = YES_ERROR;
				GCC_WARN_UNDECLARED_SELECTOR = YES;
				GCC_WARN_UNINITIALIZED_AUTOS = YES_AGGRESSIVE;
				GCC_WARN_UNUSED_FUNCTION = YES;
				GCC_WARN_UNUSED_VARIABLE = YES;
				IPHONEOS_DEPLOYMENT_TARGET = 17.5;
				LOCALIZATION_PREFERS_STRING_CATALOGS = YES;
				MTL_ENABLE_DEBUG_INFO = NO;
				MTL_FAST_MATH = YES;
				SDKROOT = iphoneos;
				SWIFT_COMPILATION_MODE = wholemodule;
				VALIDATE_PRODUCT = YES;
			};
			name = Release;
		};
		19EAA9002BF8C38200BBB609 /* Debug */ = {
			isa = XCBuildConfiguration;
			buildSettings = {
				ASSETCATALOG_COMPILER_APPICON_NAME = AppIcon;
				ASSETCATALOG_COMPILER_GLOBAL_ACCENT_COLOR_NAME = AccentColor;
				CODE_SIGN_STYLE = Automatic;
				CURRENT_PROJECT_VERSION = 1;
				DEVELOPMENT_ASSET_PATHS = "\"SwiftUIMovie/Preview Content\"";
				DEVELOPMENT_TEAM = 4PWFQ3M433;
				ENABLE_PREVIEWS = YES;
				GENERATE_INFOPLIST_FILE = YES;
				INFOPLIST_KEY_UIApplicationSceneManifest_Generation = YES;
				INFOPLIST_KEY_UIApplicationSupportsIndirectInputEvents = YES;
				INFOPLIST_KEY_UILaunchScreen_Generation = YES;
				INFOPLIST_KEY_UISupportedInterfaceOrientations_iPad = "UIInterfaceOrientationPortrait UIInterfaceOrientationPortraitUpsideDown UIInterfaceOrientationLandscapeLeft UIInterfaceOrientationLandscapeRight";
				INFOPLIST_KEY_UISupportedInterfaceOrientations_iPhone = "UIInterfaceOrientationPortrait UIInterfaceOrientationLandscapeLeft UIInterfaceOrientationLandscapeRight";
				LD_RUNPATH_SEARCH_PATHS = (
					"$(inherited)",
					"@executable_path/Frameworks",
				);
				MARKETING_VERSION = 1.0;
				PRODUCT_BUNDLE_IDENTIFIER = com.tinhnguyen.SwiftUIMovie;
				PRODUCT_NAME = "$(TARGET_NAME)";
				SWIFT_EMIT_LOC_STRINGS = YES;
				SWIFT_VERSION = 5.0;
				TARGETED_DEVICE_FAMILY = "1,2";
			};
			name = Debug;
		};
		19EAA9012BF8C38200BBB609 /* Release */ = {
			isa = XCBuildConfiguration;
			buildSettings = {
				ASSETCATALOG_COMPILER_APPICON_NAME = AppIcon;
				ASSETCATALOG_COMPILER_GLOBAL_ACCENT_COLOR_NAME = AccentColor;
				CODE_SIGN_STYLE = Automatic;
				CURRENT_PROJECT_VERSION = 1;
				DEVELOPMENT_ASSET_PATHS = "\"SwiftUIMovie/Preview Content\"";
				DEVELOPMENT_TEAM = 4PWFQ3M433;
				ENABLE_PREVIEWS = YES;
				GENERATE_INFOPLIST_FILE = YES;
				INFOPLIST_KEY_UIApplicationSceneManifest_Generation = YES;
				INFOPLIST_KEY_UIApplicationSupportsIndirectInputEvents = YES;
				INFOPLIST_KEY_UILaunchScreen_Generation = YES;
				INFOPLIST_KEY_UISupportedInterfaceOrientations_iPad = "UIInterfaceOrientationPortrait UIInterfaceOrientationPortraitUpsideDown UIInterfaceOrientationLandscapeLeft UIInterfaceOrientationLandscapeRight";
				INFOPLIST_KEY_UISupportedInterfaceOrientations_iPhone = "UIInterfaceOrientationPortrait UIInterfaceOrientationLandscapeLeft UIInterfaceOrientationLandscapeRight";
				LD_RUNPATH_SEARCH_PATHS = (
					"$(inherited)",
					"@executable_path/Frameworks",
				);
				MARKETING_VERSION = 1.0;
				PRODUCT_BUNDLE_IDENTIFIER = com.tinhnguyen.SwiftUIMovie;
				PRODUCT_NAME = "$(TARGET_NAME)";
				SWIFT_EMIT_LOC_STRINGS = YES;
				SWIFT_VERSION = 5.0;
				TARGETED_DEVICE_FAMILY = "1,2";
			};
			name = Release;
		};
/* End XCBuildConfiguration section */

/* Begin XCConfigurationList section */
		19EAA8EC2BF8C38100BBB609 /* Build configuration list for PBXProject "SwiftUIMovie" */ = {
			isa = XCConfigurationList;
			buildConfigurations = (
				19EAA8FD2BF8C38200BBB609 /* Debug */,
				19EAA8FE2BF8C38200BBB609 /* Release */,
			);
			defaultConfigurationIsVisible = 0;
			defaultConfigurationName = Release;
		};
		19EAA8FF2BF8C38200BBB609 /* Build configuration list for PBXNativeTarget "SwiftUIMovie" */ = {
			isa = XCConfigurationList;
			buildConfigurations = (
				19EAA9002BF8C38200BBB609 /* Debug */,
				19EAA9012BF8C38200BBB609 /* Release */,
			);
			defaultConfigurationIsVisible = 0;
			defaultConfigurationName = Release;
		};
/* End XCConfigurationList section */
	};
	rootObject = 19EAA8E92BF8C38100BBB609 /* Project object */;
}
